// !$*UTF8*$!
{
	archiveVersion = 1;
	classes = {
	};
	objectVersion = 56;
	objects = {

/* Begin PBXBuildFile section */
		B31295F12D07563100BC7760 /* CoreDataModel.xcdatamodeld in Sources */ = {isa = PBXBuildFile; fileRef = B31295EF2D07563100BC7760 /* CoreDataModel.xcdatamodeld */; };
		B3A461D52D05A4190021014D /* ToDoListUIKitTests.swift in Sources */ = {isa = PBXBuildFile; fileRef = B3A461D42D05A4190021014D /* ToDoListUIKitTests.swift */; };
		B3A461DC2D05A4840021014D /* ListPresenterTest.swift in Sources */ = {isa = PBXBuildFile; fileRef = B3A461DB2D05A4840021014D /* ListPresenterTest.swift */; };
		B3A461DE2D05A8380021014D /* ListInteractorTest.swift in Sources */ = {isa = PBXBuildFile; fileRef = B3A461DD2D05A8380021014D /* ListInteractorTest.swift */; };
		B3A461E02D05B73D0021014D /* DetailPresenterTest.swift in Sources */ = {isa = PBXBuildFile; fileRef = B3A461DF2D05B73D0021014D /* DetailPresenterTest.swift */; };
		B3A461E22D05B8C30021014D /* DetaiInteractorTest.swift in Sources */ = {isa = PBXBuildFile; fileRef = B3A461E12D05B8C30021014D /* DetaiInteractorTest.swift */; };
		B3B37BF82CFF84140026341A /* ListViewController.swift in Sources */ = {isa = PBXBuildFile; fileRef = B3B37BF72CFF84140026341A /* ListViewController.swift */; };
		B3B37BFA2CFF87520026341A /* ListItemCell.swift in Sources */ = {isa = PBXBuildFile; fileRef = B3B37BF92CFF87520026341A /* ListItemCell.swift */; };
		B3B37BFD2CFF91590026341A /* UIFont+.swift in Sources */ = {isa = PBXBuildFile; fileRef = B3B37BFC2CFF91590026341A /* UIFont+.swift */; };
		B3B37BFF2CFF94DC0026341A /* UIColor+.swift in Sources */ = {isa = PBXBuildFile; fileRef = B3B37BFE2CFF94DC0026341A /* UIColor+.swift */; };
		B3B37C022D009BDD0026341A /* SF-Pro-Display-Regular.otf in Resources */ = {isa = PBXBuildFile; fileRef = B3B37C012D009BDD0026341A /* SF-Pro-Display-Regular.otf */; };
		B3B37C042D009C090026341A /* SFProText-Regular.ttf in Resources */ = {isa = PBXBuildFile; fileRef = B3B37C032D009C090026341A /* SFProText-Regular.ttf */; };
		B3B37C062D009C320026341A /* SF-Pro-Text-Regular.otf in Resources */ = {isa = PBXBuildFile; fileRef = B3B37C052D009C320026341A /* SF-Pro-Text-Regular.otf */; };
		B3B37C082D009C680026341A /* SF-Pro.ttf in Resources */ = {isa = PBXBuildFile; fileRef = B3B37C072D009C680026341A /* SF-Pro.ttf */; };
		B3B37C0B2D01D63D0026341A /* APIModels.swift in Sources */ = {isa = PBXBuildFile; fileRef = B3B37C0A2D01D63D0026341A /* APIModels.swift */; };
		B3B37C0D2D01D6530026341A /* NetworkManager.swift in Sources */ = {isa = PBXBuildFile; fileRef = B3B37C0C2D01D6530026341A /* NetworkManager.swift */; };
		B3B37C132D01FB090026341A /* ListPresenter.swift in Sources */ = {isa = PBXBuildFile; fileRef = B3B37C122D01FB090026341A /* ListPresenter.swift */; };
		B3B37C152D01FEFB0026341A /* ListInteractor.swift in Sources */ = {isa = PBXBuildFile; fileRef = B3B37C142D01FEFB0026341A /* ListInteractor.swift */; };
		B3B37C172D0225C80026341A /* ListItemEntity.swift in Sources */ = {isa = PBXBuildFile; fileRef = B3B37C162D0225C80026341A /* ListItemEntity.swift */; };
		B3B37C1D2D0228260026341A /* CoreDataManager.swift in Sources */ = {isa = PBXBuildFile; fileRef = B3B37C1C2D0228260026341A /* CoreDataManager.swift */; };
		B3EC4ADB2CFDCDAF00296721 /* AppDelegate.swift in Sources */ = {isa = PBXBuildFile; fileRef = B3EC4ADA2CFDCDAF00296721 /* AppDelegate.swift */; };
		B3EC4ADD2CFDCDAF00296721 /* SceneDelegate.swift in Sources */ = {isa = PBXBuildFile; fileRef = B3EC4ADC2CFDCDAF00296721 /* SceneDelegate.swift */; };
		B3EC4AE42CFDCDB000296721 /* Assets.xcassets in Resources */ = {isa = PBXBuildFile; fileRef = B3EC4AE32CFDCDB000296721 /* Assets.xcassets */; };
		B3EC4AE72CFDCDB000296721 /* Base in Resources */ = {isa = PBXBuildFile; fileRef = B3EC4AE62CFDCDB000296721 /* Base */; };
		B3EC4B122CFE3B5500296721 /* ProjectProvider.swift in Sources */ = {isa = PBXBuildFile; fileRef = B3EC4B112CFE3B5500296721 /* ProjectProvider.swift */; };
		B3EC4B142CFE3FF300296721 /* Router.swift in Sources */ = {isa = PBXBuildFile; fileRef = B3EC4B132CFE3FF300296721 /* Router.swift */; };
		B3EC4B162CFE41AE00296721 /* Assembler.swift in Sources */ = {isa = PBXBuildFile; fileRef = B3EC4B152CFE41AE00296721 /* Assembler.swift */; };
		B3F9C3B52D04A4F800348CDA /* DetailViewController.swift in Sources */ = {isa = PBXBuildFile; fileRef = B3F9C3B42D04A4F800348CDA /* DetailViewController.swift */; };
		B3F9C3B72D04A57700348CDA /* DetailPresenter.swift in Sources */ = {isa = PBXBuildFile; fileRef = B3F9C3B62D04A57700348CDA /* DetailPresenter.swift */; };
		B3F9C3B92D04A72B00348CDA /* DetailInteractor.swift in Sources */ = {isa = PBXBuildFile; fileRef = B3F9C3B82D04A72B00348CDA /* DetailInteractor.swift */; };
/* End PBXBuildFile section */

/* Begin PBXContainerItemProxy section */
		B3A461D62D05A4190021014D /* PBXContainerItemProxy */ = {
			isa = PBXContainerItemProxy;
			containerPortal = B3EC4ACF2CFDCDAF00296721 /* Project object */;
			proxyType = 1;
			remoteGlobalIDString = B3EC4AD62CFDCDAF00296721;
			remoteInfo = ToDoListUIKit;
		};
/* End PBXContainerItemProxy section */

/* Begin PBXFileReference section */
		B31295F02D07563100BC7760 /* CoreDataModel.xcdatamodel */ = {isa = PBXFileReference; lastKnownFileType = wrapper.xcdatamodel; path = CoreDataModel.xcdatamodel; sourceTree = "<group>"; };
		B3A461CA2D05A3510021014D /* XCTest.framework */ = {isa = PBXFileReference; lastKnownFileType = wrapper.framework; name = XCTest.framework; path = Platforms/iPhoneOS.platform/Developer/Library/Frameworks/XCTest.framework; sourceTree = DEVELOPER_DIR; };
		B3A461D22D05A4190021014D /* ToDoListUIKitTests.xctest */ = {isa = PBXFileReference; explicitFileType = wrapper.cfbundle; includeInIndex = 0; path = ToDoListUIKitTests.xctest; sourceTree = BUILT_PRODUCTS_DIR; };
		B3A461D42D05A4190021014D /* ToDoListUIKitTests.swift */ = {isa = PBXFileReference; lastKnownFileType = sourcecode.swift; path = ToDoListUIKitTests.swift; sourceTree = "<group>"; };
		B3A461DB2D05A4840021014D /* ListPresenterTest.swift */ = {isa = PBXFileReference; fileEncoding = 4; lastKnownFileType = sourcecode.swift; path = ListPresenterTest.swift; sourceTree = "<group>"; };
		B3A461DD2D05A8380021014D /* ListInteractorTest.swift */ = {isa = PBXFileReference; lastKnownFileType = sourcecode.swift; path = ListInteractorTest.swift; sourceTree = "<group>"; };
		B3A461DF2D05B73D0021014D /* DetailPresenterTest.swift */ = {isa = PBXFileReference; lastKnownFileType = sourcecode.swift; path = DetailPresenterTest.swift; sourceTree = "<group>"; };
		B3A461E12D05B8C30021014D /* DetaiInteractorTest.swift */ = {isa = PBXFileReference; lastKnownFileType = sourcecode.swift; path = DetaiInteractorTest.swift; sourceTree = "<group>"; };
		B3B37BF72CFF84140026341A /* ListViewController.swift */ = {isa = PBXFileReference; lastKnownFileType = sourcecode.swift; path = ListViewController.swift; sourceTree = "<group>"; };
		B3B37BF92CFF87520026341A /* ListItemCell.swift */ = {isa = PBXFileReference; lastKnownFileType = sourcecode.swift; path = ListItemCell.swift; sourceTree = "<group>"; };
		B3B37BFC2CFF91590026341A /* UIFont+.swift */ = {isa = PBXFileReference; lastKnownFileType = sourcecode.swift; path = "UIFont+.swift"; sourceTree = "<group>"; };
		B3B37BFE2CFF94DC0026341A /* UIColor+.swift */ = {isa = PBXFileReference; lastKnownFileType = sourcecode.swift; path = "UIColor+.swift"; sourceTree = "<group>"; };
		B3B37C012D009BDD0026341A /* SF-Pro-Display-Regular.otf */ = {isa = PBXFileReference; lastKnownFileType = file; path = "SF-Pro-Display-Regular.otf"; sourceTree = "<group>"; };
		B3B37C032D009C090026341A /* SFProText-Regular.ttf */ = {isa = PBXFileReference; lastKnownFileType = file; path = "SFProText-Regular.ttf"; sourceTree = "<group>"; };
		B3B37C052D009C320026341A /* SF-Pro-Text-Regular.otf */ = {isa = PBXFileReference; lastKnownFileType = file; path = "SF-Pro-Text-Regular.otf"; sourceTree = "<group>"; };
		B3B37C072D009C680026341A /* SF-Pro.ttf */ = {isa = PBXFileReference; lastKnownFileType = file; path = "SF-Pro.ttf"; sourceTree = "<group>"; };
		B3B37C0A2D01D63D0026341A /* APIModels.swift */ = {isa = PBXFileReference; lastKnownFileType = sourcecode.swift; path = APIModels.swift; sourceTree = "<group>"; };
		B3B37C0C2D01D6530026341A /* NetworkManager.swift */ = {isa = PBXFileReference; lastKnownFileType = sourcecode.swift; path = NetworkManager.swift; sourceTree = "<group>"; };
		B3B37C122D01FB090026341A /* ListPresenter.swift */ = {isa = PBXFileReference; lastKnownFileType = sourcecode.swift; path = ListPresenter.swift; sourceTree = "<group>"; };
		B3B37C142D01FEFB0026341A /* ListInteractor.swift */ = {isa = PBXFileReference; lastKnownFileType = sourcecode.swift; path = ListInteractor.swift; sourceTree = "<group>"; };
		B3B37C162D0225C80026341A /* ListItemEntity.swift */ = {isa = PBXFileReference; lastKnownFileType = sourcecode.swift; path = ListItemEntity.swift; sourceTree = "<group>"; };
		B3B37C1C2D0228260026341A /* CoreDataManager.swift */ = {isa = PBXFileReference; lastKnownFileType = sourcecode.swift; path = CoreDataManager.swift; sourceTree = "<group>"; };
		B3EC4AD72CFDCDAF00296721 /* ToDoListUIKit.app */ = {isa = PBXFileReference; explicitFileType = wrapper.application; includeInIndex = 0; path = ToDoListUIKit.app; sourceTree = BUILT_PRODUCTS_DIR; };
		B3EC4ADA2CFDCDAF00296721 /* AppDelegate.swift */ = {isa = PBXFileReference; lastKnownFileType = sourcecode.swift; path = AppDelegate.swift; sourceTree = "<group>"; };
		B3EC4ADC2CFDCDAF00296721 /* SceneDelegate.swift */ = {isa = PBXFileReference; lastKnownFileType = sourcecode.swift; path = SceneDelegate.swift; sourceTree = "<group>"; };
		B3EC4AE32CFDCDB000296721 /* Assets.xcassets */ = {isa = PBXFileReference; lastKnownFileType = folder.assetcatalog; path = Assets.xcassets; sourceTree = "<group>"; };
		B3EC4AE62CFDCDB000296721 /* Base */ = {isa = PBXFileReference; lastKnownFileType = file.storyboard; name = Base; path = Base.lproj/LaunchScreen.storyboard; sourceTree = "<group>"; };
		B3EC4AE82CFDCDB000296721 /* Info.plist */ = {isa = PBXFileReference; lastKnownFileType = text.plist.xml; path = Info.plist; sourceTree = "<group>"; };
		B3EC4B112CFE3B5500296721 /* ProjectProvider.swift */ = {isa = PBXFileReference; lastKnownFileType = sourcecode.swift; path = ProjectProvider.swift; sourceTree = "<group>"; };
		B3EC4B132CFE3FF300296721 /* Router.swift */ = {isa = PBXFileReference; lastKnownFileType = sourcecode.swift; path = Router.swift; sourceTree = "<group>"; };
		B3EC4B152CFE41AE00296721 /* Assembler.swift */ = {isa = PBXFileReference; lastKnownFileType = sourcecode.swift; path = Assembler.swift; sourceTree = "<group>"; };
		B3F9C3B42D04A4F800348CDA /* DetailViewController.swift */ = {isa = PBXFileReference; lastKnownFileType = sourcecode.swift; path = DetailViewController.swift; sourceTree = "<group>"; };
		B3F9C3B62D04A57700348CDA /* DetailPresenter.swift */ = {isa = PBXFileReference; lastKnownFileType = sourcecode.swift; path = DetailPresenter.swift; sourceTree = "<group>"; };
		B3F9C3B82D04A72B00348CDA /* DetailInteractor.swift */ = {isa = PBXFileReference; lastKnownFileType = sourcecode.swift; path = DetailInteractor.swift; sourceTree = "<group>"; };
/* End PBXFileReference section */

/* Begin PBXFrameworksBuildPhase section */
		B3A461CF2D05A4190021014D /* Frameworks */ = {
			isa = PBXFrameworksBuildPhase;
			buildActionMask = 2147483647;
			files = (
			);
			runOnlyForDeploymentPostprocessing = 0;
		};
		B3EC4AD42CFDCDAF00296721 /* Frameworks */ = {
			isa = PBXFrameworksBuildPhase;
			buildActionMask = 2147483647;
			files = (
			);
			runOnlyForDeploymentPostprocessing = 0;
		};
/* End PBXFrameworksBuildPhase section */

/* Begin PBXGroup section */
		B31295F22D07579100BC7760 /* View */ = {
			isa = PBXGroup;
			children = (
				B3B37BF92CFF87520026341A /* ListItemCell.swift */,
				B3B37BF72CFF84140026341A /* ListViewController.swift */,
			);
			path = View;
			sourceTree = "<group>";
		};
		B31295F32D077A5D00BC7760 /* Presenter */ = {
			isa = PBXGroup;
			children = (
				B3B37C122D01FB090026341A /* ListPresenter.swift */,
			);
			path = Presenter;
			sourceTree = "<group>";
		};
		B31295F42D078A5E00BC7760 /* Interactor */ = {
			isa = PBXGroup;
			children = (
				B3B37C142D01FEFB0026341A /* ListInteractor.swift */,
			);
			path = Interactor;
			sourceTree = "<group>";
		};
		B31295F52D078D1D00BC7760 /* Entity */ = {
			isa = PBXGroup;
			children = (
				B3B37C162D0225C80026341A /* ListItemEntity.swift */,
			);
			path = Entity;
			sourceTree = "<group>";
		};
		B3A461C92D05A3500021014D /* Frameworks */ = {
			isa = PBXGroup;
			children = (
				B3A461CA2D05A3510021014D /* XCTest.framework */,
			);
			name = Frameworks;
			sourceTree = "<group>";
		};
		B3A461D32D05A4190021014D /* ToDoListUIKitTests */ = {
			isa = PBXGroup;
			children = (
				B3A461D42D05A4190021014D /* ToDoListUIKitTests.swift */,
				B3A461DB2D05A4840021014D /* ListPresenterTest.swift */,
				B3A461DD2D05A8380021014D /* ListInteractorTest.swift */,
				B3A461DF2D05B73D0021014D /* DetailPresenterTest.swift */,
				B3A461E12D05B8C30021014D /* DetaiInteractorTest.swift */,
			);
			path = ToDoListUIKitTests;
			sourceTree = "<group>";
		};
		B3B37BF62CFF83A30026341A /* List */ = {
			isa = PBXGroup;
			children = (
				B31295F22D07579100BC7760 /* View */,
				B31295F32D077A5D00BC7760 /* Presenter */,
				B31295F42D078A5E00BC7760 /* Interactor */,
				B31295F52D078D1D00BC7760 /* Entity */,
			);
			path = List;
			sourceTree = "<group>";
		};
		B3B37BFB2CFF914D0026341A /* Helpers */ = {
			isa = PBXGroup;
			children = (
				B3B37BFC2CFF91590026341A /* UIFont+.swift */,
				B3B37BFE2CFF94DC0026341A /* UIColor+.swift */,
			);
			path = Helpers;
			sourceTree = "<group>";
		};
		B3B37C002D009A120026341A /* Fonts */ = {
			isa = PBXGroup;
			children = (
				B3B37C072D009C680026341A /* SF-Pro.ttf */,
				B3B37C032D009C090026341A /* SFProText-Regular.ttf */,
				B3B37C052D009C320026341A /* SF-Pro-Text-Regular.otf */,
				B3B37C012D009BDD0026341A /* SF-Pro-Display-Regular.otf */,
			);
			path = Fonts;
			sourceTree = "<group>";
		};
		B3B37C092D01D6010026341A /* NetworkManager */ = {
			isa = PBXGroup;
			children = (
				B3B37C0A2D01D63D0026341A /* APIModels.swift */,
				B3B37C0C2D01D6530026341A /* NetworkManager.swift */,
			);
			path = NetworkManager;
			sourceTree = "<group>";
		};
		B3B37C182D0227F80026341A /* CoreDataManager */ = {
			isa = PBXGroup;
			children = (
				B31295EF2D07563100BC7760 /* CoreDataModel.xcdatamodeld */,
				B3B37C1C2D0228260026341A /* CoreDataManager.swift */,
			);
			path = CoreDataManager;
			sourceTree = "<group>";
		};
		B3EC4ACE2CFDCDAF00296721 = {
			isa = PBXGroup;
			children = (
				B3EC4AD92CFDCDAF00296721 /* ToDoListUIKit */,
				B3B37C092D01D6010026341A /* NetworkManager */,
				B3B37C182D0227F80026341A /* CoreDataManager */,
				B3A461D32D05A4190021014D /* ToDoListUIKitTests */,
				B3EC4AD82CFDCDAF00296721 /* Products */,
				B3A461C92D05A3500021014D /* Frameworks */,
			);
			sourceTree = "<group>";
		};
		B3EC4AD82CFDCDAF00296721 /* Products */ = {
			isa = PBXGroup;
			children = (
				B3EC4AD72CFDCDAF00296721 /* ToDoListUIKit.app */,
				B3A461D22D05A4190021014D /* ToDoListUIKitTests.xctest */,
			);
			name = Products;
			sourceTree = "<group>";
		};
		B3EC4AD92CFDCDAF00296721 /* ToDoListUIKit */ = {
			isa = PBXGroup;
			children = (
				B3EC4B102CFE348800296721 /* SupportingFiles */,
				B3B37BFB2CFF914D0026341A /* Helpers */,
				B3EC4B172CFE5BC300296721 /* Application */,
				B3EC4B112CFE3B5500296721 /* ProjectProvider.swift */,
				B3EC4B132CFE3FF300296721 /* Router.swift */,
				B3EC4B152CFE41AE00296721 /* Assembler.swift */,
				B3B37BF62CFF83A30026341A /* List */,
				B3F9C3B32D04A47A00348CDA /* DeteilScreen */,
			);
			path = ToDoListUIKit;
			sourceTree = "<group>";
		};
		B3EC4B102CFE348800296721 /* SupportingFiles */ = {
			isa = PBXGroup;
			children = (
				B3B37C002D009A120026341A /* Fonts */,
				B3EC4AE32CFDCDB000296721 /* Assets.xcassets */,
				B3EC4AE52CFDCDB000296721 /* LaunchScreen.storyboard */,
				B3EC4AE82CFDCDB000296721 /* Info.plist */,
			);
			path = SupportingFiles;
			sourceTree = "<group>";
		};
		B3EC4B172CFE5BC300296721 /* Application */ = {
			isa = PBXGroup;
			children = (
				B3EC4ADA2CFDCDAF00296721 /* AppDelegate.swift */,
				B3EC4ADC2CFDCDAF00296721 /* SceneDelegate.swift */,
			);
			path = Application;
			sourceTree = "<group>";
		};
		B3F9C3B32D04A47A00348CDA /* DeteilScreen */ = {
			isa = PBXGroup;
			children = (
				B3F9C3B42D04A4F800348CDA /* DetailViewController.swift */,
				B3F9C3B62D04A57700348CDA /* DetailPresenter.swift */,
				B3F9C3B82D04A72B00348CDA /* DetailInteractor.swift */,
			);
			path = DeteilScreen;
			sourceTree = "<group>";
		};
/* End PBXGroup section */

/* Begin PBXNativeTarget section */
		B3A461D12D05A4190021014D /* ToDoListUIKitTests */ = {
			isa = PBXNativeTarget;
			buildConfigurationList = B3A461D82D05A4190021014D /* Build configuration list for PBXNativeTarget "ToDoListUIKitTests" */;
			buildPhases = (
				B3A461CE2D05A4190021014D /* Sources */,
				B3A461CF2D05A4190021014D /* Frameworks */,
				B3A461D02D05A4190021014D /* Resources */,
			);
			buildRules = (
			);
			dependencies = (
				B3A461D72D05A4190021014D /* PBXTargetDependency */,
			);
			name = ToDoListUIKitTests;
			productName = ToDoListUIKitTests;
			productReference = B3A461D22D05A4190021014D /* ToDoListUIKitTests.xctest */;
			productType = "com.apple.product-type.bundle.unit-test";
		};
		B3EC4AD62CFDCDAF00296721 /* ToDoListUIKit */ = {
			isa = PBXNativeTarget;
			buildConfigurationList = B3EC4AEB2CFDCDB000296721 /* Build configuration list for PBXNativeTarget "ToDoListUIKit" */;
			buildPhases = (
				B3EC4AD32CFDCDAF00296721 /* Sources */,
				B3EC4AD42CFDCDAF00296721 /* Frameworks */,
				B3EC4AD52CFDCDAF00296721 /* Resources */,
			);
			buildRules = (
			);
			dependencies = (
			);
			name = ToDoListUIKit;
			productName = ToDoListUIKit;
			productReference = B3EC4AD72CFDCDAF00296721 /* ToDoListUIKit.app */;
			productType = "com.apple.product-type.application";
		};
/* End PBXNativeTarget section */

/* Begin PBXProject section */
		B3EC4ACF2CFDCDAF00296721 /* Project object */ = {
			isa = PBXProject;
			attributes = {
				BuildIndependentTargetsInParallel = 1;
				LastSwiftUpdateCheck = 1530;
				LastUpgradeCheck = 1530;
				TargetAttributes = {
					B3A461D12D05A4190021014D = {
						CreatedOnToolsVersion = 15.3;
						TestTargetID = B3EC4AD62CFDCDAF00296721;
					};
					B3EC4AD62CFDCDAF00296721 = {
						CreatedOnToolsVersion = 15.3;
					};
				};
			};
			buildConfigurationList = B3EC4AD22CFDCDAF00296721 /* Build configuration list for PBXProject "ToDoListUIKit" */;
			compatibilityVersion = "Xcode 14.0";
			developmentRegion = en;
			hasScannedForEncodings = 0;
			knownRegions = (
				en,
				Base,
			);
			mainGroup = B3EC4ACE2CFDCDAF00296721;
			productRefGroup = B3EC4AD82CFDCDAF00296721 /* Products */;
			projectDirPath = "";
			projectRoot = "";
			targets = (
				B3EC4AD62CFDCDAF00296721 /* ToDoListUIKit */,
				B3A461D12D05A4190021014D /* ToDoListUIKitTests */,
			);
		};
/* End PBXProject section */

/* Begin PBXResourcesBuildPhase section */
		B3A461D02D05A4190021014D /* Resources */ = {
			isa = PBXResourcesBuildPhase;
			buildActionMask = 2147483647;
			files = (
			);
			runOnlyForDeploymentPostprocessing = 0;
		};
		B3EC4AD52CFDCDAF00296721 /* Resources */ = {
			isa = PBXResourcesBuildPhase;
			buildActionMask = 2147483647;
			files = (
				B3EC4AE42CFDCDB000296721 /* Assets.xcassets in Resources */,
				B3B37C082D009C680026341A /* SF-Pro.ttf in Resources */,
				B3B37C062D009C320026341A /* SF-Pro-Text-Regular.otf in Resources */,
				B3B37C022D009BDD0026341A /* SF-Pro-Display-Regular.otf in Resources */,
				B3EC4AE72CFDCDB000296721 /* Base in Resources */,
				B3B37C042D009C090026341A /* SFProText-Regular.ttf in Resources */,
			);
			runOnlyForDeploymentPostprocessing = 0;
		};
/* End PBXResourcesBuildPhase section */

/* Begin PBXSourcesBuildPhase section */
		B3A461CE2D05A4190021014D /* Sources */ = {
			isa = PBXSourcesBuildPhase;
			buildActionMask = 2147483647;
			files = (
				B3A461E22D05B8C30021014D /* DetaiInteractorTest.swift in Sources */,
				B3A461DC2D05A4840021014D /* ListPresenterTest.swift in Sources */,
				B3A461D52D05A4190021014D /* ToDoListUIKitTests.swift in Sources */,
				B3A461DE2D05A8380021014D /* ListInteractorTest.swift in Sources */,
				B3A461E02D05B73D0021014D /* DetailPresenterTest.swift in Sources */,
			);
			runOnlyForDeploymentPostprocessing = 0;
		};
		B3EC4AD32CFDCDAF00296721 /* Sources */ = {
			isa = PBXSourcesBuildPhase;
			buildActionMask = 2147483647;
			files = (
				B31295F12D07563100BC7760 /* CoreDataModel.xcdatamodeld in Sources */,
				B3EC4B142CFE3FF300296721 /* Router.swift in Sources */,
				B3EC4ADB2CFDCDAF00296721 /* AppDelegate.swift in Sources */,
				B3B37C172D0225C80026341A /* ListItemEntity.swift in Sources */,
				B3F9C3B52D04A4F800348CDA /* DetailViewController.swift in Sources */,
				B3B37BFA2CFF87520026341A /* ListItemCell.swift in Sources */,
				B3B37BF82CFF84140026341A /* ListViewController.swift in Sources */,
				B3B37C0D2D01D6530026341A /* NetworkManager.swift in Sources */,
				B3F9C3B92D04A72B00348CDA /* DetailInteractor.swift in Sources */,
				B3EC4B162CFE41AE00296721 /* Assembler.swift in Sources */,
				B3B37BFD2CFF91590026341A /* UIFont+.swift in Sources */,
				B3B37C0B2D01D63D0026341A /* APIModels.swift in Sources */,
				B3EC4ADD2CFDCDAF00296721 /* SceneDelegate.swift in Sources */,
				B3F9C3B72D04A57700348CDA /* DetailPresenter.swift in Sources */,
				B3B37C152D01FEFB0026341A /* ListInteractor.swift in Sources */,
				B3B37C132D01FB090026341A /* ListPresenter.swift in Sources */,
				B3EC4B122CFE3B5500296721 /* ProjectProvider.swift in Sources */,
				B3B37BFF2CFF94DC0026341A /* UIColor+.swift in Sources */,
				B3B37C1D2D0228260026341A /* CoreDataManager.swift in Sources */,
			);
			runOnlyForDeploymentPostprocessing = 0;
		};
/* End PBXSourcesBuildPhase section */

/* Begin PBXTargetDependency section */
		B3A461D72D05A4190021014D /* PBXTargetDependency */ = {
			isa = PBXTargetDependency;
			target = B3EC4AD62CFDCDAF00296721 /* ToDoListUIKit */;
			targetProxy = B3A461D62D05A4190021014D /* PBXContainerItemProxy */;
		};
/* End PBXTargetDependency section */

/* Begin PBXVariantGroup section */
		B3EC4AE52CFDCDB000296721 /* LaunchScreen.storyboard */ = {
			isa = PBXVariantGroup;
			children = (
				B3EC4AE62CFDCDB000296721 /* Base */,
			);
			name = LaunchScreen.storyboard;
			sourceTree = "<group>";
		};
/* End PBXVariantGroup section */

/* Begin XCBuildConfiguration section */
		B3A461D92D05A4190021014D /* Debug */ = {
			isa = XCBuildConfiguration;
			buildSettings = {
				BUNDLE_LOADER = "$(TEST_HOST)";
				CODE_SIGN_STYLE = Automatic;
				CURRENT_PROJECT_VERSION = 1;
				DEVELOPMENT_TEAM = SZYT22Y3K6;
				GENERATE_INFOPLIST_FILE = YES;
				MARKETING_VERSION = 1.0;
				PRODUCT_BUNDLE_IDENTIFIER = com.mycompany.ToDoListUIKitTests;
				PRODUCT_NAME = "$(TARGET_NAME)";
				SWIFT_EMIT_LOC_STRINGS = NO;
				SWIFT_VERSION = 5.0;
				TARGETED_DEVICE_FAMILY = "1,2";
				TEST_HOST = "$(BUILT_PRODUCTS_DIR)/ToDoListUIKit.app/$(BUNDLE_EXECUTABLE_FOLDER_PATH)/ToDoListUIKit";
			};
			name = Debug;
		};
		B3A461DA2D05A4190021014D /* Release */ = {
			isa = XCBuildConfiguration;
			buildSettings = {
				BUNDLE_LOADER = "$(TEST_HOST)";
				CODE_SIGN_STYLE = Automatic;
				CURRENT_PROJECT_VERSION = 1;
				DEVELOPMENT_TEAM = SZYT22Y3K6;
				GENERATE_INFOPLIST_FILE = YES;
				MARKETING_VERSION = 1.0;
				PRODUCT_BUNDLE_IDENTIFIER = com.mycompany.ToDoListUIKitTests;
				PRODUCT_NAME = "$(TARGET_NAME)";
				SWIFT_EMIT_LOC_STRINGS = NO;
				SWIFT_VERSION = 5.0;
				TARGETED_DEVICE_FAMILY = "1,2";
				TEST_HOST = "$(BUILT_PRODUCTS_DIR)/ToDoListUIKit.app/$(BUNDLE_EXECUTABLE_FOLDER_PATH)/ToDoListUIKit";
			};
			name = Release;
		};
		B3EC4AE92CFDCDB000296721 /* Debug */ = {
			isa = XCBuildConfiguration;
			buildSettings = {
				ALWAYS_SEARCH_USER_PATHS = NO;
				ASSETCATALOG_COMPILER_GENERATE_SWIFT_ASSET_SYMBOL_EXTENSIONS = YES;
				CLANG_ANALYZER_NONNULL = YES;
				CLANG_ANALYZER_NUMBER_OBJECT_CONVERSION = YES_AGGRESSIVE;
				CLANG_CXX_LANGUAGE_STANDARD = "gnu++20";
				CLANG_ENABLE_MODULES = YES;
				CLANG_ENABLE_OBJC_ARC = YES;
				CLANG_ENABLE_OBJC_WEAK = YES;
				CLANG_WARN_BLOCK_CAPTURE_AUTORELEASING = YES;
				CLANG_WARN_BOOL_CONVERSION = YES;
				CLANG_WARN_COMMA = YES;
				CLANG_WARN_CONSTANT_CONVERSION = YES;
				CLANG_WARN_DEPRECATED_OBJC_IMPLEMENTATIONS = YES;
				CLANG_WARN_DIRECT_OBJC_ISA_USAGE = YES_ERROR;
				CLANG_WARN_DOCUMENTATION_COMMENTS = YES;
				CLANG_WARN_EMPTY_BODY = YES;
				CLANG_WARN_ENUM_CONVERSION = YES;
				CLANG_WARN_INFINITE_RECURSION = YES;
				CLANG_WARN_INT_CONVERSION = YES;
				CLANG_WARN_NON_LITERAL_NULL_CONVERSION = YES;
				CLANG_WARN_OBJC_IMPLICIT_RETAIN_SELF = YES;
				CLANG_WARN_OBJC_LITERAL_CONVERSION = YES;
				CLANG_WARN_OBJC_ROOT_CLASS = YES_ERROR;
				CLANG_WARN_QUOTED_INCLUDE_IN_FRAMEWORK_HEADER = YES;
				CLANG_WARN_RANGE_LOOP_ANALYSIS = YES;
				CLANG_WARN_STRICT_PROTOTYPES = YES;
				CLANG_WARN_SUSPICIOUS_MOVE = YES;
				CLANG_WARN_UNGUARDED_AVAILABILITY = YES_AGGRESSIVE;
				CLANG_WARN_UNREACHABLE_CODE = YES;
				CLANG_WARN__DUPLICATE_METHOD_MATCH = YES;
				COPY_PHASE_STRIP = NO;
				DEBUG_INFORMATION_FORMAT = dwarf;
				ENABLE_STRICT_OBJC_MSGSEND = YES;
				ENABLE_TESTABILITY = YES;
				ENABLE_USER_SCRIPT_SANDBOXING = YES;
				GCC_C_LANGUAGE_STANDARD = gnu17;
				GCC_DYNAMIC_NO_PIC = NO;
				GCC_NO_COMMON_BLOCKS = YES;
				GCC_OPTIMIZATION_LEVEL = 0;
				GCC_PREPROCESSOR_DEFINITIONS = (
					"DEBUG=1",
					"$(inherited)",
				);
				GCC_WARN_64_TO_32_BIT_CONVERSION = YES;
				GCC_WARN_ABOUT_RETURN_TYPE = YES_ERROR;
				GCC_WARN_UNDECLARED_SELECTOR = YES;
				GCC_WARN_UNINITIALIZED_AUTOS = YES_AGGRESSIVE;
				GCC_WARN_UNUSED_FUNCTION = YES;
				GCC_WARN_UNUSED_VARIABLE = YES;
				IPHONEOS_DEPLOYMENT_TARGET = 17.4;
				LOCALIZATION_PREFERS_STRING_CATALOGS = YES;
				MTL_ENABLE_DEBUG_INFO = INCLUDE_SOURCE;
				MTL_FAST_MATH = YES;
				ONLY_ACTIVE_ARCH = YES;
				SDKROOT = iphoneos;
				SWIFT_ACTIVE_COMPILATION_CONDITIONS = "DEBUG $(inherited)";
				SWIFT_OPTIMIZATION_LEVEL = "-Onone";
			};
			name = Debug;
		};
		B3EC4AEA2CFDCDB000296721 /* Release */ = {
			isa = XCBuildConfiguration;
			buildSettings = {
				ALWAYS_SEARCH_USER_PATHS = NO;
				ASSETCATALOG_COMPILER_GENERATE_SWIFT_ASSET_SYMBOL_EXTENSIONS = YES;
				CLANG_ANALYZER_NONNULL = YES;
				CLANG_ANALYZER_NUMBER_OBJECT_CONVERSION = YES_AGGRESSIVE;
				CLANG_CXX_LANGUAGE_STANDARD = "gnu++20";
				CLANG_ENABLE_MODULES = YES;
				CLANG_ENABLE_OBJC_ARC = YES;
				CLANG_ENABLE_OBJC_WEAK = YES;
				CLANG_WARN_BLOCK_CAPTURE_AUTORELEASING = YES;
				CLANG_WARN_BOOL_CONVERSION = YES;
				CLANG_WARN_COMMA = YES;
				CLANG_WARN_CONSTANT_CONVERSION = YES;
				CLANG_WARN_DEPRECATED_OBJC_IMPLEMENTATIONS = YES;
				CLANG_WARN_DIRECT_OBJC_ISA_USAGE = YES_ERROR;
				CLANG_WARN_DOCUMENTATION_COMMENTS = YES;
				CLANG_WARN_EMPTY_BODY = YES;
				CLANG_WARN_ENUM_CONVERSION = YES;
				CLANG_WARN_INFINITE_RECURSION = YES;
				CLANG_WARN_INT_CONVERSION = YES;
				CLANG_WARN_NON_LITERAL_NULL_CONVERSION = YES;
				CLANG_WARN_OBJC_IMPLICIT_RETAIN_SELF = YES;
				CLANG_WARN_OBJC_LITERAL_CONVERSION = YES;
				CLANG_WARN_OBJC_ROOT_CLASS = YES_ERROR;
				CLANG_WARN_QUOTED_INCLUDE_IN_FRAMEWORK_HEADER = YES;
				CLANG_WARN_RANGE_LOOP_ANALYSIS = YES;
				CLANG_WARN_STRICT_PROTOTYPES = YES;
				CLANG_WARN_SUSPICIOUS_MOVE = YES;
				CLANG_WARN_UNGUARDED_AVAILABILITY = YES_AGGRESSIVE;
				CLANG_WARN_UNREACHABLE_CODE = YES;
				CLANG_WARN__DUPLICATE_METHOD_MATCH = YES;
				COPY_PHASE_STRIP = NO;
				DEBUG_INFORMATION_FORMAT = "dwarf-with-dsym";
				ENABLE_NS_ASSERTIONS = NO;
				ENABLE_STRICT_OBJC_MSGSEND = YES;
				ENABLE_USER_SCRIPT_SANDBOXING = YES;
				GCC_C_LANGUAGE_STANDARD = gnu17;
				GCC_NO_COMMON_BLOCKS = YES;
				GCC_WARN_64_TO_32_BIT_CONVERSION = YES;
				GCC_WARN_ABOUT_RETURN_TYPE = YES_ERROR;
				GCC_WARN_UNDECLARED_SELECTOR = YES;
				GCC_WARN_UNINITIALIZED_AUTOS = YES_AGGRESSIVE;
				GCC_WARN_UNUSED_FUNCTION = YES;
				GCC_WARN_UNUSED_VARIABLE = YES;
				IPHONEOS_DEPLOYMENT_TARGET = 17.4;
				LOCALIZATION_PREFERS_STRING_CATALOGS = YES;
				MTL_ENABLE_DEBUG_INFO = NO;
				MTL_FAST_MATH = YES;
				SDKROOT = iphoneos;
				SWIFT_COMPILATION_MODE = wholemodule;
				VALIDATE_PRODUCT = YES;
			};
			name = Release;
		};
		B3EC4AEC2CFDCDB000296721 /* Debug */ = {
			isa = XCBuildConfiguration;
			buildSettings = {
				ASSETCATALOG_COMPILER_APPICON_NAME = AppIcon;
				ASSETCATALOG_COMPILER_GLOBAL_ACCENT_COLOR_NAME = AccentColor;
				CODE_SIGN_STYLE = Automatic;
				CURRENT_PROJECT_VERSION = 1;
				DEVELOPMENT_TEAM = SZYT22Y3K6;
				GENERATE_INFOPLIST_FILE = YES;
				INFOPLIST_FILE = ToDoListUIKit/SupportingFiles/Info.plist;
				INFOPLIST_KEY_UIApplicationSupportsIndirectInputEvents = YES;
				INFOPLIST_KEY_UILaunchStoryboardName = LaunchScreen;
				INFOPLIST_KEY_UISupportedInterfaceOrientations_iPad = "UIInterfaceOrientationPortrait UIInterfaceOrientationPortraitUpsideDown UIInterfaceOrientationLandscapeLeft UIInterfaceOrientationLandscapeRight";
				INFOPLIST_KEY_UISupportedInterfaceOrientations_iPhone = "UIInterfaceOrientationPortrait UIInterfaceOrientationLandscapeLeft UIInterfaceOrientationLandscapeRight";
				LD_RUNPATH_SEARCH_PATHS = (
					"$(inherited)",
					"@executable_path/Frameworks",
				);
				MARKETING_VERSION = 1.0;
				PRODUCT_BUNDLE_IDENTIFIER = com.mycompany.ToDoListUIKit;
				PRODUCT_NAME = "$(TARGET_NAME)";
				SWIFT_EMIT_LOC_STRINGS = YES;
				SWIFT_VERSION = 5.0;
				TARGETED_DEVICE_FAMILY = "1,2";
			};
			name = Debug;
		};
		B3EC4AED2CFDCDB000296721 /* Release */ = {
			isa = XCBuildConfiguration;
			buildSettings = {
				ASSETCATALOG_COMPILER_APPICON_NAME = AppIcon;
				ASSETCATALOG_COMPILER_GLOBAL_ACCENT_COLOR_NAME = AccentColor;
				CODE_SIGN_STYLE = Automatic;
				CURRENT_PROJECT_VERSION = 1;
				DEVELOPMENT_TEAM = SZYT22Y3K6;
				GENERATE_INFOPLIST_FILE = YES;
				INFOPLIST_FILE = ToDoListUIKit/SupportingFiles/Info.plist;
				INFOPLIST_KEY_UIApplicationSupportsIndirectInputEvents = YES;
				INFOPLIST_KEY_UILaunchStoryboardName = LaunchScreen;
				INFOPLIST_KEY_UISupportedInterfaceOrientations_iPad = "UIInterfaceOrientationPortrait UIInterfaceOrientationPortraitUpsideDown UIInterfaceOrientationLandscapeLeft UIInterfaceOrientationLandscapeRight";
				INFOPLIST_KEY_UISupportedInterfaceOrientations_iPhone = "UIInterfaceOrientationPortrait UIInterfaceOrientationLandscapeLeft UIInterfaceOrientationLandscapeRight";
				LD_RUNPATH_SEARCH_PATHS = (
					"$(inherited)",
					"@executable_path/Frameworks",
				);
				MARKETING_VERSION = 1.0;
				PRODUCT_BUNDLE_IDENTIFIER = com.mycompany.ToDoListUIKit;
				PRODUCT_NAME = "$(TARGET_NAME)";
				SWIFT_EMIT_LOC_STRINGS = YES;
				SWIFT_VERSION = 5.0;
				TARGETED_DEVICE_FAMILY = "1,2";
			};
			name = Release;
		};
/* End XCBuildConfiguration section */

/* Begin XCConfigurationList section */
		B3A461D82D05A4190021014D /* Build configuration list for PBXNativeTarget "ToDoListUIKitTests" */ = {
			isa = XCConfigurationList;
			buildConfigurations = (
				B3A461D92D05A4190021014D /* Debug */,
				B3A461DA2D05A4190021014D /* Release */,
			);
			defaultConfigurationIsVisible = 0;
			defaultConfigurationName = Release;
		};
		B3EC4AD22CFDCDAF00296721 /* Build configuration list for PBXProject "ToDoListUIKit" */ = {
			isa = XCConfigurationList;
			buildConfigurations = (
				B3EC4AE92CFDCDB000296721 /* Debug */,
				B3EC4AEA2CFDCDB000296721 /* Release */,
			);
			defaultConfigurationIsVisible = 0;
			defaultConfigurationName = Release;
		};
		B3EC4AEB2CFDCDB000296721 /* Build configuration list for PBXNativeTarget "ToDoListUIKit" */ = {
			isa = XCConfigurationList;
			buildConfigurations = (
				B3EC4AEC2CFDCDB000296721 /* Debug */,
				B3EC4AED2CFDCDB000296721 /* Release */,
			);
			defaultConfigurationIsVisible = 0;
			defaultConfigurationName = Release;
		};
/* End XCConfigurationList section */

/* Begin XCVersionGroup section */
		B31295EF2D07563100BC7760 /* CoreDataModel.xcdatamodeld */ = {
			isa = XCVersionGroup;
			children = (
				B31295F02D07563100BC7760 /* CoreDataModel.xcdatamodel */,
			);
			currentVersion = B31295F02D07563100BC7760 /* CoreDataModel.xcdatamodel */;
			name = CoreDataModel.xcdatamodeld;
			path = /Users/annaruslanovna/Documents/ToDoListUIKit/CoreDataManager/CoreDataModel.xcdatamodeld;
			sourceTree = "<group>";
			versionGroupType = wrapper.xcdatamodel;
		};
/* End XCVersionGroup section */
	};
	rootObject = B3EC4ACF2CFDCDAF00296721 /* Project object */;
}
